lockfileVersion: 5.4

specifiers:
    prettier: ^2.8.3
    prettier-plugin-tailwindcss: ^0.2.1

dependencies:
    prettier: 2.8.3
    prettier-plugin-tailwindcss: 0.2.1_prettier@2.8.3

packages:
    /prettier-plugin-tailwindcss/0.2.1_prettier@2.8.3:
        resolution:
            {
                integrity: sha512-aIO8IguumORyRsmT+E7JfJ3A9FEoyhqZR7Au7TBOege3VZkgMvHJMkufeYp4zjnDK2iq4ktkvGMNOQR9T8lisQ==,
            }
        engines: { node: '>=12.17.0' }
        peerDependencies:
            prettier: '>=2.2.0'
        dependencies:
            prettier: 2.8.3
        dev: false

    /prettier/2.8.3:
        resolution:
            {
                integrity: sha512-tJ/oJ4amDihPoufT5sM0Z1SKEuKay8LfVAMlbbhnnkvt6BUserZylqo2PN+p9KeljLr0OHa2rXHU1T8reeoTrw==,
            }
        engines: { node: '>=10.13.0' }
        hasBin: true
        dev: false
